{
  "name": "build-api",
  "version": "1.0.0",
  "lockfileVersion": 3,
  "requires": true,
  "packages": {
    "": {
      "name": "build-api",
      "version": "1.0.0",
      "license": "ISC",
      "dependencies": {
        "@depot/sdk-node": "^0.5.0"
      }
    },
    "node_modules/@bufbuild/protobuf": {
      "version": "1.7.2",
      "resolved": "https://registry.npmjs.org/@bufbuild/protobuf/-/protobuf-1.7.2.tgz",
      "integrity": "sha512-i5GE2Dk5ekdlK1TR7SugY4LWRrKSfb5T1Qn4unpIMbfxoeGKERKQ59HG3iYewacGD10SR7UzevfPnh6my4tNmQ=="
    },
    "node_modules/@connectrpc/connect": {
      "version": "0.13.2",
      "resolved": "https://registry.npmjs.org/@connectrpc/connect/-/connect-0.13.2.tgz",
      "integrity": "sha512-KZg6EH8gYnQZm/d2IXXMVB2mom/A1dCD8+7JScm2tKN9OQyQSeCJOLqtv/M4M5XVS0Y9JM2/VCbiUwfhl9Rqmg==",
      "peerDependencies": {
        "@bufbuild/protobuf": "^1.2.1"
      }
    },
    "node_modules/@connectrpc/connect-node": {
      "version": "0.13.2",
      "resolved": "https://registry.npmjs.org/@connectrpc/connect-node/-/connect-node-0.13.2.tgz",
      "integrity": "sha512-dAoBuQ+fYFw22KYgZXPw1t19i6TRwNmk6c6XsOYLhBl1Y5vzXoMfMX2jm7lmkmLQFIcM9Xc2EYoUKtjNXH5bjw==",
      "dependencies": {
        "@connectrpc/connect": "0.13.2",
        "undici": "^5.23.0"
      },
      "engines": {
        "node": ">=16.0.0"
      },
      "peerDependencies": {
        "@bufbuild/protobuf": "^1.2.1"
      }
    },
    "node_modules/@depot/sdk-node": {
      "version": "0.5.0",
      "resolved": "https://registry.npmjs.org/@depot/sdk-node/-/sdk-node-0.5.0.tgz",
      "integrity": "sha512-Pl9Yji00B6uQpMm5xZU4/eZbzaBo72N6c534ZqLI6nbOEIPH0VX27TVF9lFF3Fl3GHFZ+6X9laJtDn2DrLS2DQ==",
      "dependencies": {
        "@bufbuild/protobuf": "^1.3.0",
        "@connectrpc/connect": "^0.13.1",
        "@connectrpc/connect-node": "^0.13.1"
      }
    },
    "node_modules/@fastify/busboy": {
      "version": "2.1.0",
      "resolved": "https://registry.npmjs.org/@fastify/busboy/-/busboy-2.1.0.tgz",
      "integrity": "sha512-+KpH+QxZU7O4675t3mnkQKcZZg56u+K/Ct2K+N2AZYNVK8kyeo/bI18tI8aPm3tvNNRyTWfj6s5tnGNlcbQRsA==",
      "engines": {
        "node": ">=14"
      }
    },
    "node_modules/undici": {
      "version": "5.28.4",
      "resolved": "https://registry.npmjs.org/undici/-/undici-5.28.4.tgz",
      "integrity": "sha512-72RFADWFqKmUb2hmmvNODKL3p9hcB6Gt2DOQMis1SEBaV6a4MH8soBvzg+95CYhCKPFedut2JY9bMfrDl9D23g==",
      "dependencies": {
        "@fastify/busboy": "^2.0.0"
      },
      "engines": {
        "node": ">=14.0"
      }
    }
  }
}
