{
  "name": "build-api",
  "version": "1.0.0",
  "lockfileVersion": 3,
  "requires": true,
  "packages": {
    "": {
      "name": "build-api",
      "version": "1.0.0",
      "license": "ISC",
      "dependencies": {
        "@depot/sdk-node": "^2.0.0"
      }
    },
    "node_modules/@bufbuild/protobuf": {
      "version": "2.9.0",
      "resolved": "https://registry.npmjs.org/@bufbuild/protobuf/-/protobuf-2.9.0.tgz",
      "integrity": "sha512-rnJenoStJ8nvmt9Gzye8nkYd6V22xUAnu4086ER7h1zJ508vStko4pMvDeQ446ilDTFpV5wnoc5YS7XvMwwMqA==",
      "license": "(Apache-2.0 AND BSD-3-Clause)",
      "peer": true
    },
    "node_modules/@connectrpc/connect": {
      "version": "2.1.0",
      "resolved": "https://registry.npmjs.org/@connectrpc/connect/-/connect-2.1.0.tgz",
      "integrity": "sha512-xhiwnYlJNHzmFsRw+iSPIwXR/xweTvTw8x5HiwWp10sbVtd4OpOXbRgE7V58xs1EC17fzusF1f5uOAy24OkBuA==",
      "license": "Apache-2.0",
      "peerDependencies": {
        "@bufbuild/protobuf": "^2.7.0"
      }
    },
    "node_modules/@connectrpc/connect-node": {
      "version": "2.1.0",
      "resolved": "https://registry.npmjs.org/@connectrpc/connect-node/-/connect-node-2.1.0.tgz",
      "integrity": "sha512-6akCXZSX5uWHLR654ne9Tnq7AnPUkLS65NvgsI5885xBkcuVy2APBd8sA4sLqaplUt84cVEr6LhjEFNx6W1KtQ==",
      "license": "Apache-2.0",
      "engines": {
        "node": ">=20"
      },
      "peerDependencies": {
        "@bufbuild/protobuf": "^2.7.0",
        "@connectrpc/connect": "2.1.0"
      }
    },
    "node_modules/@depot/sdk-node": {
      "version": "2.0.0",
      "resolved": "https://registry.npmjs.org/@depot/sdk-node/-/sdk-node-2.0.0.tgz",
      "integrity": "sha512-pZsPojzXKtsA8i2b9m9HLHRSUnhiEhKxfaGW43Ys3aXqLQbO8g9aGLiuijBGx4Vy3OpBKZvi1GOau1zlG8XHlg==",
      "license": "MIT",
      "dependencies": {
        "@connectrpc/connect": "^2.1.0",
        "@connectrpc/connect-node": "^2.1.0"
      },
      "peerDependencies": {
        "@bufbuild/protobuf": ">=2, <3"
      }
    }
  }
}
